
Microsoft Visual Studio Solution File, Format Version 12.00
# Visual Studio Version 16
VisualStudioVersion = 16.0.30413.136
MinimumVisualStudioVersion = 10.0.40219.1
Project("{8BC9CEB8-8B4A-11D0-8D11-00A0C91BC942}") = "Lab 4 temprature output", "Lab 4 temprature output\Lab 4 temprature output.vcxproj", "{F19B4BA6-4548-4B2C-91CA-D336AB8B7CFA}"
EndProject
Global
	GlobalSection(SolutionConfigurationPlatforms) = preSolution
		Debug|x64 = Debug|x64
		Debug|x86 = Debug|x86
		Release|x64 = Release|x64
		Release|x86 = Release|x86
	EndGlobalSection
	GlobalSection(ProjectConfigurationPlatforms) = postSolution
		{F19B4BA6-4548-4B2C-91CA-D336AB8B7CFA}.Debug|x64.ActiveCfg = Debug|x64
		{F19B4BA6-4548-4B2C-91CA-D336AB8B7CFA}.Debug|x64.Build.0 = Debug|x64
		{F19B4BA6-4548-4B2C-91CA-D336AB8B7CFA}.Debug|x86.ActiveCfg = Debug|Win32
		{F19B4BA6-4548-4B2C-91CA-D336AB8B7CFA}.Debug|x86.Build.0 = Debug|Win32
		{F19B4BA6-4548-4B2C-91CA-D336AB8B7CFA}.Release|x64.ActiveCfg = Release|x64
		{F19B4BA6-4548-4B2C-91CA-D336AB8B7CFA}.Release|x64.Build.0 = Release|x64
		{F19B4BA6-4548-4B2C-91CA-D336AB8B7CFA}.Release|x86.ActiveCfg = Release|Win32
		{F19B4BA6-4548-4B2C-91CA-D336AB8B7CFA}.Release|x86.Build.0 = Release|Win32
	EndGlobalSection
	GlobalSection(SolutionProperties) = preSolution
		HideSolutionNode = FALSE
	EndGlobalSection
	GlobalSection(ExtensibilityGlobals) = postSolution
		SolutionGuid = {D8E8E1A6-9CC3-4277-A29F-18C1C9DB42D2}
	EndGlobalSection
EndGlobal
